
Microsoft Visual Studio Solution File, Format Version 12.00
# Visual Studio Version 16
VisualStudioVersion = 16.0.29020.237
MinimumVisualStudioVersion = 10.0.40219.1
Project("{FAE04EC0-301F-11D3-BF4B-00C04F79EFBC}") = "AsyncAwaitExample", "AsyncAwaitExample\AsyncAwaitExample.csproj", "{09A4ECA5-EF38-45D4-807F-D510881304BB}"
EndProject
Global
	GlobalSection(SolutionConfigurationPlatforms) = preSolution
		Debug|Any CPU = Debug|Any CPU
		Release|Any CPU = Release|Any CPU
	EndGlobalSection
	GlobalSection(ProjectConfigurationPlatforms) = postSolution
		{09A4ECA5-EF38-45D4-807F-D510881304BB}.Debug|Any CPU.ActiveCfg = Debug|Any CPU
		{09A4ECA5-EF38-45D4-807F-D510881304BB}.Debug|Any CPU.Build.0 = Debug|Any CPU
		{09A4ECA5-EF38-45D4-807F-D510881304BB}.Release|Any CPU.ActiveCfg = Release|Any CPU
		{09A4ECA5-EF38-45D4-807F-D510881304BB}.Release|Any CPU.Build.0 = Release|Any CPU
	EndGlobalSection
	GlobalSection(SolutionProperties) = preSolution
		HideSolutionNode = FALSE
	EndGlobalSection
	GlobalSection(ExtensibilityGlobals) = postSolution
		SolutionGuid = {550385CB-5F0C-4D90-86CA-B1A843257BD7}
	EndGlobalSection
EndGlobal
